// !$*UTF8*$!
{
	archiveVersion = 1;
	classes = {
	};
	objectVersion = 50;
	objects = {

/* Begin PBXBuildFile section */
		11A5B14925A4FDD500C39DB3 /* AppDelegate.swift in Sources */ = {isa = PBXBuildFile; fileRef = 11A5B14825A4FDD500C39DB3 /* AppDelegate.swift */; };
		11A5B14B25A4FDD500C39DB3 /* GameScene.sks in Resources */ = {isa = PBXBuildFile; fileRef = 11A5B14A25A4FDD500C39DB3 /* GameScene.sks */; };
		11A5B14D25A4FDD500C39DB3 /* Actions.sks in Resources */ = {isa = PBXBuildFile; fileRef = 11A5B14C25A4FDD500C39DB3 /* Actions.sks */; };
		11A5B14F25A4FDD500C39DB3 /* GameScene.swift in Sources */ = {isa = PBXBuildFile; fileRef = 11A5B14E25A4FDD500C39DB3 /* GameScene.swift */; };
		11A5B15125A4FDD500C39DB3 /* GameViewController.swift in Sources */ = {isa = PBXBuildFile; fileRef = 11A5B15025A4FDD500C39DB3 /* GameViewController.swift */; };
		11A5B15425A4FDD500C39DB3 /* Main.storyboard in Resources */ = {isa = PBXBuildFile; fileRef = 11A5B15225A4FDD500C39DB3 /* Main.storyboard */; };
		11A5B15625A4FDD700C39DB3 /* Assets.xcassets in Resources */ = {isa = PBXBuildFile; fileRef = 11A5B15525A4FDD700C39DB3 /* Assets.xcassets */; };
		11A5B16125A4FDD700C39DB3 /* TileGameTests.swift in Sources */ = {isa = PBXBuildFile; fileRef = 11A5B16025A4FDD700C39DB3 /* TileGameTests.swift */; };
		11A5B16C25A4FDD700C39DB3 /* TileGameUITests.swift in Sources */ = {isa = PBXBuildFile; fileRef = 11A5B16B25A4FDD700C39DB3 /* TileGameUITests.swift */; };
/* End PBXBuildFile section */

/* Begin PBXContainerItemProxy section */
		11A5B15D25A4FDD700C39DB3 /* PBXContainerItemProxy */ = {
			isa = PBXContainerItemProxy;
			containerPortal = 11A5B13D25A4FDD500C39DB3 /* Project object */;
			proxyType = 1;
			remoteGlobalIDString = 11A5B14425A4FDD500C39DB3;
			remoteInfo = TileGame;
		};
		11A5B16825A4FDD700C39DB3 /* PBXContainerItemProxy */ = {
			isa = PBXContainerItemProxy;
			containerPortal = 11A5B13D25A4FDD500C39DB3 /* Project object */;
			proxyType = 1;
			remoteGlobalIDString = 11A5B14425A4FDD500C39DB3;
			remoteInfo = TileGame;
		};
/* End PBXContainerItemProxy section */

/* Begin PBXFileReference section */
		11A5B14525A4FDD500C39DB3 /* TileGame.app */ = {isa = PBXFileReference; explicitFileType = wrapper.application; includeInIndex = 0; path = TileGame.app; sourceTree = BUILT_PRODUCTS_DIR; };
		11A5B14825A4FDD500C39DB3 /* AppDelegate.swift */ = {isa = PBXFileReference; lastKnownFileType = sourcecode.swift; path = AppDelegate.swift; sourceTree = "<group>"; };
		11A5B14A25A4FDD500C39DB3 /* GameScene.sks */ = {isa = PBXFileReference; lastKnownFileType = file.sks; path = GameScene.sks; sourceTree = "<group>"; };
		11A5B14C25A4FDD500C39DB3 /* Actions.sks */ = {isa = PBXFileReference; lastKnownFileType = file.sks; path = Actions.sks; sourceTree = "<group>"; };
		11A5B14E25A4FDD500C39DB3 /* GameScene.swift */ = {isa = PBXFileReference; lastKnownFileType = sourcecode.swift; path = GameScene.swift; sourceTree = "<group>"; };
		11A5B15025A4FDD500C39DB3 /* GameViewController.swift */ = {isa = PBXFileReference; lastKnownFileType = sourcecode.swift; path = GameViewController.swift; sourceTree = "<group>"; };
		11A5B15325A4FDD500C39DB3 /* Base */ = {isa = PBXFileReference; lastKnownFileType = file.storyboard; name = Base; path = Base.lproj/Main.storyboard; sourceTree = "<group>"; };
		11A5B15525A4FDD700C39DB3 /* Assets.xcassets */ = {isa = PBXFileReference; lastKnownFileType = folder.assetcatalog; path = Assets.xcassets; sourceTree = "<group>"; };
		11A5B15725A4FDD700C39DB3 /* Info.plist */ = {isa = PBXFileReference; lastKnownFileType = text.plist.xml; path = Info.plist; sourceTree = "<group>"; };
		11A5B15C25A4FDD700C39DB3 /* TileGameTests.xctest */ = {isa = PBXFileReference; explicitFileType = wrapper.cfbundle; includeInIndex = 0; path = TileGameTests.xctest; sourceTree = BUILT_PRODUCTS_DIR; };
		11A5B16025A4FDD700C39DB3 /* TileGameTests.swift */ = {isa = PBXFileReference; lastKnownFileType = sourcecode.swift; path = TileGameTests.swift; sourceTree = "<group>"; };
		11A5B16225A4FDD700C39DB3 /* Info.plist */ = {isa = PBXFileReference; lastKnownFileType = text.plist.xml; path = Info.plist; sourceTree = "<group>"; };
		11A5B16725A4FDD700C39DB3 /* TileGameUITests.xctest */ = {isa = PBXFileReference; explicitFileType = wrapper.cfbundle; includeInIndex = 0; path = TileGameUITests.xctest; sourceTree = BUILT_PRODUCTS_DIR; };
		11A5B16B25A4FDD700C39DB3 /* TileGameUITests.swift */ = {isa = PBXFileReference; lastKnownFileType = sourcecode.swift; path = TileGameUITests.swift; sourceTree = "<group>"; };
		11A5B16D25A4FDD700C39DB3 /* Info.plist */ = {isa = PBXFileReference; lastKnownFileType = text.plist.xml; path = Info.plist; sourceTree = "<group>"; };
/* End PBXFileReference section */

/* Begin PBXFrameworksBuildPhase section */
		11A5B14225A4FDD500C39DB3 /* Frameworks */ = {
			isa = PBXFrameworksBuildPhase;
			buildActionMask = 2147483647;
			files = (
			);
			runOnlyForDeploymentPostprocessing = 0;
		};
		11A5B15925A4FDD700C39DB3 /* Frameworks */ = {
			isa = PBXFrameworksBuildPhase;
			buildActionMask = 2147483647;
			files = (
			);
			runOnlyForDeploymentPostprocessing = 0;
		};
		11A5B16425A4FDD700C39DB3 /* Frameworks */ = {
			isa = PBXFrameworksBuildPhase;
			buildActionMask = 2147483647;
			files = (
			);
			runOnlyForDeploymentPostprocessing = 0;
		};
/* End PBXFrameworksBuildPhase section */

/* Begin PBXGroup section */
		11A5B13C25A4FDD500C39DB3 = {
			isa = PBXGroup;
			children = (
				11A5B14725A4FDD500C39DB3 /* TileGame */,
				11A5B15F25A4FDD700C39DB3 /* TileGameTests */,
				11A5B16A25A4FDD700C39DB3 /* TileGameUITests */,
				11A5B14625A4FDD500C39DB3 /* Products */,
			);
			sourceTree = "<group>";
		};
		11A5B14625A4FDD500C39DB3 /* Products */ = {
			isa = PBXGroup;
			children = (
				11A5B14525A4FDD500C39DB3 /* TileGame.app */,
				11A5B15C25A4FDD700C39DB3 /* TileGameTests.xctest */,
				11A5B16725A4FDD700C39DB3 /* TileGameUITests.xctest */,
			);
			name = Products;
			sourceTree = "<group>";
		};
		11A5B14725A4FDD500C39DB3 /* TileGame */ = {
			isa = PBXGroup;
			children = (
				11A5B14825A4FDD500C39DB3 /* AppDelegate.swift */,
				11A5B14A25A4FDD500C39DB3 /* GameScene.sks */,
				11A5B14C25A4FDD500C39DB3 /* Actions.sks */,
				11A5B14E25A4FDD500C39DB3 /* GameScene.swift */,
				11A5B15025A4FDD500C39DB3 /* GameViewController.swift */,
				11A5B15225A4FDD500C39DB3 /* Main.storyboard */,
				11A5B15525A4FDD700C39DB3 /* Assets.xcassets */,
				11A5B15725A4FDD700C39DB3 /* Info.plist */,
			);
			path = TileGame;
			sourceTree = "<group>";
		};
		11A5B15F25A4FDD700C39DB3 /* TileGameTests */ = {
			isa = PBXGroup;
			children = (
				11A5B16025A4FDD700C39DB3 /* TileGameTests.swift */,
				11A5B16225A4FDD700C39DB3 /* Info.plist */,
			);
			path = TileGameTests;
			sourceTree = "<group>";
		};
		11A5B16A25A4FDD700C39DB3 /* TileGameUITests */ = {
			isa = PBXGroup;
			children = (
				11A5B16B25A4FDD700C39DB3 /* TileGameUITests.swift */,
				11A5B16D25A4FDD700C39DB3 /* Info.plist */,
			);
			path = TileGameUITests;
			sourceTree = "<group>";
		};
/* End PBXGroup section */

/* Begin PBXNativeTarget section */
		11A5B14425A4FDD500C39DB3 /* TileGame */ = {
			isa = PBXNativeTarget;
			buildConfigurationList = 11A5B17025A4FDD700C39DB3 /* Build configuration list for PBXNativeTarget "TileGame" */;
			buildPhases = (
				11A5B14125A4FDD500C39DB3 /* Sources */,
				11A5B14225A4FDD500C39DB3 /* Frameworks */,
				11A5B14325A4FDD500C39DB3 /* Resources */,
			);
			buildRules = (
			);
			dependencies = (
			);
			name = TileGame;
			productName = TileGame;
			productReference = 11A5B14525A4FDD500C39DB3 /* TileGame.app */;
			productType = "com.apple.product-type.application";
		};
		11A5B15B25A4FDD700C39DB3 /* TileGameTests */ = {
			isa = PBXNativeTarget;
			buildConfigurationList = 11A5B17325A4FDD700C39DB3 /* Build configuration list for PBXNativeTarget "TileGameTests" */;
			buildPhases = (
				11A5B15825A4FDD700C39DB3 /* Sources */,
				11A5B15925A4FDD700C39DB3 /* Frameworks */,
				11A5B15A25A4FDD700C39DB3 /* Resources */,
			);
			buildRules = (
			);
			dependencies = (
				11A5B15E25A4FDD700C39DB3 /* PBXTargetDependency */,
			);
			name = TileGameTests;
			productName = TileGameTests;
			productReference = 11A5B15C25A4FDD700C39DB3 /* TileGameTests.xctest */;
			productType = "com.apple.product-type.bundle.unit-test";
		};
		11A5B16625A4FDD700C39DB3 /* TileGameUITests */ = {
			isa = PBXNativeTarget;
			buildConfigurationList = 11A5B17625A4FDD700C39DB3 /* Build configuration list for PBXNativeTarget "TileGameUITests" */;
			buildPhases = (
				11A5B16325A4FDD700C39DB3 /* Sources */,
				11A5B16425A4FDD700C39DB3 /* Frameworks */,
				11A5B16525A4FDD700C39DB3 /* Resources */,
			);
			buildRules = (
			);
			dependencies = (
				11A5B16925A4FDD700C39DB3 /* PBXTargetDependency */,
			);
			name = TileGameUITests;
			productName = TileGameUITests;
			productReference = 11A5B16725A4FDD700C39DB3 /* TileGameUITests.xctest */;
			productType = "com.apple.product-type.bundle.ui-testing";
		};
/* End PBXNativeTarget section */

/* Begin PBXProject section */
		11A5B13D25A4FDD500C39DB3 /* Project object */ = {
			isa = PBXProject;
			attributes = {
				LastSwiftUpdateCheck = 1230;
				LastUpgradeCheck = 1230;
				TargetAttributes = {
					11A5B14425A4FDD500C39DB3 = {
						CreatedOnToolsVersion = 12.3;
					};
					11A5B15B25A4FDD700C39DB3 = {
						CreatedOnToolsVersion = 12.3;
						TestTargetID = 11A5B14425A4FDD500C39DB3;
					};
					11A5B16625A4FDD700C39DB3 = {
						CreatedOnToolsVersion = 12.3;
						TestTargetID = 11A5B14425A4FDD500C39DB3;
					};
				};
			};
			buildConfigurationList = 11A5B14025A4FDD500C39DB3 /* Build configuration list for PBXProject "TileGame" */;
			compatibilityVersion = "Xcode 9.3";
			developmentRegion = en;
			hasScannedForEncodings = 0;
			knownRegions = (
				en,
				Base,
			);
			mainGroup = 11A5B13C25A4FDD500C39DB3;
			productRefGroup = 11A5B14625A4FDD500C39DB3 /* Products */;
			projectDirPath = "";
			projectRoot = "";
			targets = (
				11A5B14425A4FDD500C39DB3 /* TileGame */,
				11A5B15B25A4FDD700C39DB3 /* TileGameTests */,
				11A5B16625A4FDD700C39DB3 /* TileGameUITests */,
			);
		};
/* End PBXProject section */

/* Begin PBXResourcesBuildPhase section */
		11A5B14325A4FDD500C39DB3 /* Resources */ = {
			isa = PBXResourcesBuildPhase;
			buildActionMask = 2147483647;
			files = (
				11A5B15425A4FDD500C39DB3 /* Main.storyboard in Resources */,
				11A5B14B25A4FDD500C39DB3 /* GameScene.sks in Resources */,
				11A5B15625A4FDD700C39DB3 /* Assets.xcassets in Resources */,
				11A5B14D25A4FDD500C39DB3 /* Actions.sks in Resources */,
			);
			runOnlyForDeploymentPostprocessing = 0;
		};
		11A5B15A25A4FDD700C39DB3 /* Resources */ = {
			isa = PBXResourcesBuildPhase;
			buildActionMask = 2147483647;
			files = (
			);
			runOnlyForDeploymentPostprocessing = 0;
		};
		11A5B16525A4FDD700C39DB3 /* Resources */ = {
			isa = PBXResourcesBuildPhase;
			buildActionMask = 2147483647;
			files = (
			);
			runOnlyForDeploymentPostprocessing = 0;
		};
/* End PBXResourcesBuildPhase section */

/* Begin PBXSourcesBuildPhase section */
		11A5B14125A4FDD500C39DB3 /* Sources */ = {
			isa = PBXSourcesBuildPhase;
			buildActionMask = 2147483647;
			files = (
				11A5B14F25A4FDD500C39DB3 /* GameScene.swift in Sources */,
				11A5B15125A4FDD500C39DB3 /* GameViewController.swift in Sources */,
				11A5B14925A4FDD500C39DB3 /* AppDelegate.swift in Sources */,
			);
			runOnlyForDeploymentPostprocessing = 0;
		};
		11A5B15825A4FDD700C39DB3 /* Sources */ = {
			isa = PBXSourcesBuildPhase;
			buildActionMask = 2147483647;
			files = (
				11A5B16125A4FDD700C39DB3 /* TileGameTests.swift in Sources */,
			);
			runOnlyForDeploymentPostprocessing = 0;
		};
		11A5B16325A4FDD700C39DB3 /* Sources */ = {
			isa = PBXSourcesBuildPhase;
			buildActionMask = 2147483647;
			files = (
				11A5B16C25A4FDD700C39DB3 /* TileGameUITests.swift in Sources */,
			);
			runOnlyForDeploymentPostprocessing = 0;
		};
/* End PBXSourcesBuildPhase section */

/* Begin PBXTargetDependency section */
		11A5B15E25A4FDD700C39DB3 /* PBXTargetDependency */ = {
			isa = PBXTargetDependency;
			target = 11A5B14425A4FDD500C39DB3 /* TileGame */;
			targetProxy = 11A5B15D25A4FDD700C39DB3 /* PBXContainerItemProxy */;
		};
		11A5B16925A4FDD700C39DB3 /* PBXTargetDependency */ = {
			isa = PBXTargetDependency;
			target = 11A5B14425A4FDD500C39DB3 /* TileGame */;
			targetProxy = 11A5B16825A4FDD700C39DB3 /* PBXContainerItemProxy */;
		};
/* End PBXTargetDependency section */

/* Begin PBXVariantGroup section */
		11A5B15225A4FDD500C39DB3 /* Main.storyboard */ = {
			isa = PBXVariantGroup;
			children = (
				11A5B15325A4FDD500C39DB3 /* Base */,
			);
			name = Main.storyboard;
			sourceTree = "<group>";
		};
/* End PBXVariantGroup section */

/* Begin XCBuildConfiguration section */
		11A5B16E25A4FDD700C39DB3 /* Debug */ = {
			isa = XCBuildConfiguration;
			buildSettings = {
				ALWAYS_SEARCH_USER_PATHS = NO;
				CLANG_ANALYZER_NONNULL = YES;
				CLANG_ANALYZER_NUMBER_OBJECT_CONVERSION = YES_AGGRESSIVE;
				CLANG_CXX_LANGUAGE_STANDARD = "gnu++14";
				CLANG_CXX_LIBRARY = "libc++";
				CLANG_ENABLE_MODULES = YES;
				CLANG_ENABLE_OBJC_ARC = YES;
				CLANG_ENABLE_OBJC_WEAK = YES;
				CLANG_WARN_BLOCK_CAPTURE_AUTORELEASING = YES;
				CLANG_WARN_BOOL_CONVERSION = YES;
				CLANG_WARN_COMMA = YES;
				CLANG_WARN_CONSTANT_CONVERSION = YES;
				CLANG_WARN_DEPRECATED_OBJC_IMPLEMENTATIONS = YES;
				CLANG_WARN_DIRECT_OBJC_ISA_USAGE = YES_ERROR;
				CLANG_WARN_DOCUMENTATION_COMMENTS = YES;
				CLANG_WARN_EMPTY_BODY = YES;
				CLANG_WARN_ENUM_CONVERSION = YES;
				CLANG_WARN_INFINITE_RECURSION = YES;
				CLANG_WARN_INT_CONVERSION = YES;
				CLANG_WARN_NON_LITERAL_NULL_CONVERSION = YES;
				CLANG_WARN_OBJC_IMPLICIT_RETAIN_SELF = YES;
				CLANG_WARN_OBJC_LITERAL_CONVERSION = YES;
				CLANG_WARN_OBJC_ROOT_CLASS = YES_ERROR;
				CLANG_WARN_QUOTED_INCLUDE_IN_FRAMEWORK_HEADER = YES;
				CLANG_WARN_RANGE_LOOP_ANALYSIS = YES;
				CLANG_WARN_STRICT_PROTOTYPES = YES;
				CLANG_WARN_SUSPICIOUS_MOVE = YES;
				CLANG_WARN_UNGUARDED_AVAILABILITY = YES_AGGRESSIVE;
				CLANG_WARN_UNREACHABLE_CODE = YES;
				CLANG_WARN__DUPLICATE_METHOD_MATCH = YES;
				COPY_PHASE_STRIP = NO;
				DEBUG_INFORMATION_FORMAT = dwarf;
				ENABLE_STRICT_OBJC_MSGSEND = YES;
				ENABLE_TESTABILITY = YES;
				GCC_C_LANGUAGE_STANDARD = gnu11;
				GCC_DYNAMIC_NO_PIC = NO;
				GCC_NO_COMMON_BLOCKS = YES;
				GCC_OPTIMIZATION_LEVEL = 0;
				GCC_PREPROCESSOR_DEFINITIONS = (
					"DEBUG=1",
					"$(inherited)",
				);
				GCC_WARN_64_TO_32_BIT_CONVERSION = YES;
				GCC_WARN_ABOUT_RETURN_TYPE = YES_ERROR;
				GCC_WARN_UNDECLARED_SELECTOR = YES;
				GCC_WARN_UNINITIALIZED_AUTOS = YES_AGGRESSIVE;
				GCC_WARN_UNUSED_FUNCTION = YES;
				GCC_WARN_UNUSED_VARIABLE = YES;
				IPHONEOS_DEPLOYMENT_TARGET = 14.3;
				MTL_ENABLE_DEBUG_INFO = INCLUDE_SOURCE;
				MTL_FAST_MATH = YES;
				ONLY_ACTIVE_ARCH = YES;
				SDKROOT = iphoneos;
				SWIFT_ACTIVE_COMPILATION_CONDITIONS = DEBUG;
				SWIFT_OPTIMIZATION_LEVEL = "-Onone";
			};
			name = Debug;
		};
		11A5B16F25A4FDD700C39DB3 /* Release */ = {
			isa = XCBuildConfiguration;
			buildSettings = {
				ALWAYS_SEARCH_USER_PATHS = NO;
				CLANG_ANALYZER_NONNULL = YES;
				CLANG_ANALYZER_NUMBER_OBJECT_CONVERSION = YES_AGGRESSIVE;
				CLANG_CXX_LANGUAGE_STANDARD = "gnu++14";
				CLANG_CXX_LIBRARY = "libc++";
				CLANG_ENABLE_MODULES = YES;
				CLANG_ENABLE_OBJC_ARC = YES;
				CLANG_ENABLE_OBJC_WEAK = YES;
				CLANG_WARN_BLOCK_CAPTURE_AUTORELEASING = YES;
				CLANG_WARN_BOOL_CONVERSION = YES;
				CLANG_WARN_COMMA = YES;
				CLANG_WARN_CONSTANT_CONVERSION = YES;
				CLANG_WARN_DEPRECATED_OBJC_IMPLEMENTATIONS = YES;
				CLANG_WARN_DIRECT_OBJC_ISA_USAGE = YES_ERROR;
				CLANG_WARN_DOCUMENTATION_COMMENTS = YES;
				CLANG_WARN_EMPTY_BODY = YES;
				CLANG_WARN_ENUM_CONVERSION = YES;
				CLANG_WARN_INFINITE_RECURSION = YES;
				CLANG_WARN_INT_CONVERSION = YES;
				CLANG_WARN_NON_LITERAL_NULL_CONVERSION = YES;
				CLANG_WARN_OBJC_IMPLICIT_RETAIN_SELF = YES;
				CLANG_WARN_OBJC_LITERAL_CONVERSION = YES;
				CLANG_WARN_OBJC_ROOT_CLASS = YES_ERROR;
				CLANG_WARN_QUOTED_INCLUDE_IN_FRAMEWORK_HEADER = YES;
				CLANG_WARN_RANGE_LOOP_ANALYSIS = YES;
				CLANG_WARN_STRICT_PROTOTYPES = YES;
				CLANG_WARN_SUSPICIOUS_MOVE = YES;
				CLANG_WARN_UNGUARDED_AVAILABILITY = YES_AGGRESSIVE;
				CLANG_WARN_UNREACHABLE_CODE = YES;
				CLANG_WARN__DUPLICATE_METHOD_MATCH = YES;
				COPY_PHASE_STRIP = NO;
				DEBUG_INFORMATION_FORMAT = "dwarf-with-dsym";
				ENABLE_NS_ASSERTIONS = NO;
				ENABLE_STRICT_OBJC_MSGSEND = YES;
				GCC_C_LANGUAGE_STANDARD = gnu11;
				GCC_NO_COMMON_BLOCKS = YES;
				GCC_WARN_64_TO_32_BIT_CONVERSION = YES;
				GCC_WARN_ABOUT_RETURN_TYPE = YES_ERROR;
				GCC_WARN_UNDECLARED_SELECTOR = YES;
				GCC_WARN_UNINITIALIZED_AUTOS = YES_AGGRESSIVE;
				GCC_WARN_UNUSED_FUNCTION = YES;
				GCC_WARN_UNUSED_VARIABLE = YES;
				IPHONEOS_DEPLOYMENT_TARGET = 14.3;
				MTL_ENABLE_DEBUG_INFO = NO;
				MTL_FAST_MATH = YES;
				SDKROOT = iphoneos;
				SWIFT_COMPILATION_MODE = wholemodule;
				SWIFT_OPTIMIZATION_LEVEL = "-O";
				VALIDATE_PRODUCT = YES;
			};
			name = Release;
		};
		11A5B17125A4FDD700C39DB3 /* Debug */ = {
			isa = XCBuildConfiguration;
			buildSettings = {
				ASSETCATALOG_COMPILER_APPICON_NAME = AppIcon;
				ASSETCATALOG_COMPILER_GLOBAL_ACCENT_COLOR_NAME = AccentColor;
				CODE_SIGN_STYLE = Automatic;
				DEVELOPMENT_TEAM = 5KNL2EVUA5;
				INFOPLIST_FILE = TileGame/Info.plist;
				LD_RUNPATH_SEARCH_PATHS = (
					"$(inherited)",
					"@executable_path/Frameworks",
				);
				PRODUCT_BUNDLE_IDENTIFIER = Xiao.TileGame;
				PRODUCT_NAME = "$(TARGET_NAME)";
				SWIFT_VERSION = 5.0;
				TARGETED_DEVICE_FAMILY = "1,2";
			};
			name = Debug;
		};
		11A5B17225A4FDD700C39DB3 /* Release */ = {
			isa = XCBuildConfiguration;
			buildSettings = {
				ASSETCATALOG_COMPILER_APPICON_NAME = AppIcon;
				ASSETCATALOG_COMPILER_GLOBAL_ACCENT_COLOR_NAME = AccentColor;
				CODE_SIGN_STYLE = Automatic;
				DEVELOPMENT_TEAM = 5KNL2EVUA5;
				INFOPLIST_FILE = TileGame/Info.plist;
				LD_RUNPATH_SEARCH_PATHS = (
					"$(inherited)",
					"@executable_path/Frameworks",
				);
				PRODUCT_BUNDLE_IDENTIFIER = Xiao.TileGame;
				PRODUCT_NAME = "$(TARGET_NAME)";
				SWIFT_VERSION = 5.0;
				TARGETED_DEVICE_FAMILY = "1,2";
			};
			name = Release;
		};
		11A5B17425A4FDD700C39DB3 /* Debug */ = {
			isa = XCBuildConfiguration;
			buildSettings = {
				ALWAYS_EMBED_SWIFT_STANDARD_LIBRARIES = YES;
				BUNDLE_LOADER = "$(TEST_HOST)";
				CODE_SIGN_STYLE = Automatic;
				DEVELOPMENT_TEAM = 5KNL2EVUA5;
				INFOPLIST_FILE = TileGameTests/Info.plist;
				IPHONEOS_DEPLOYMENT_TARGET = 14.3;
				LD_RUNPATH_SEARCH_PATHS = (
					"$(inherited)",
					"@executable_path/Frameworks",
					"@loader_path/Frameworks",
				);
				PRODUCT_BUNDLE_IDENTIFIER = Xiao.TileGameTests;
				PRODUCT_NAME = "$(TARGET_NAME)";
				SWIFT_VERSION = 5.0;
				TARGETED_DEVICE_FAMILY = "1,2";
				TEST_HOST = "$(BUILT_PRODUCTS_DIR)/TileGame.app/TileGame";
			};
			name = Debug;
		};
		11A5B17525A4FDD700C39DB3 /* Release */ = {
			isa = XCBuildConfiguration;
			buildSettings = {
				ALWAYS_EMBED_SWIFT_STANDARD_LIBRARIES = YES;
				BUNDLE_LOADER = "$(TEST_HOST)";
				CODE_SIGN_STYLE = Automatic;
				DEVELOPMENT_TEAM = 5KNL2EVUA5;
				INFOPLIST_FILE = TileGameTests/Info.plist;
				IPHONEOS_DEPLOYMENT_TARGET = 14.3;
				LD_RUNPATH_SEARCH_PATHS = (
					"$(inherited)",
					"@executable_path/Frameworks",
					"@loader_path/Frameworks",
				);
				PRODUCT_BUNDLE_IDENTIFIER = Xiao.TileGameTests;
				PRODUCT_NAME = "$(TARGET_NAME)";
				SWIFT_VERSION = 5.0;
				TARGETED_DEVICE_FAMILY = "1,2";
				TEST_HOST = "$(BUILT_PRODUCTS_DIR)/TileGame.app/TileGame";
			};
			name = Release;
		};
		11A5B17725A4FDD700C39DB3 /* Debug */ = {
			isa = XCBuildConfiguration;
			buildSettings = {
				ALWAYS_EMBED_SWIFT_STANDARD_LIBRARIES = YES;
				CODE_SIGN_STYLE = Automatic;
				DEVELOPMENT_TEAM = 5KNL2EVUA5;
				INFOPLIST_FILE = TileGameUITests/Info.plist;
				LD_RUNPATH_SEARCH_PATHS = (
					"$(inherited)",
					"@executable_path/Frameworks",
					"@loader_path/Frameworks",
				);
				PRODUCT_BUNDLE_IDENTIFIER = Xiao.TileGameUITests;
				PRODUCT_NAME = "$(TARGET_NAME)";
				SWIFT_VERSION = 5.0;
				TARGETED_DEVICE_FAMILY = "1,2";
				TEST_TARGET_NAME = TileGame;
			};
			name = Debug;
		};
		11A5B17825A4FDD700C39DB3 /* Release */ = {
			isa = XCBuildConfiguration;
			buildSettings = {
				ALWAYS_EMBED_SWIFT_STANDARD_LIBRARIES = YES;
				CODE_SIGN_STYLE = Automatic;
				DEVELOPMENT_TEAM = 5KNL2EVUA5;
				INFOPLIST_FILE = TileGameUITests/Info.plist;
				LD_RUNPATH_SEARCH_PATHS = (
					"$(inherited)",
					"@executable_path/Frameworks",
					"@loader_path/Frameworks",
				);
				PRODUCT_BUNDLE_IDENTIFIER = Xiao.TileGameUITests;
				PRODUCT_NAME = "$(TARGET_NAME)";
				SWIFT_VERSION = 5.0;
				TARGETED_DEVICE_FAMILY = "1,2";
				TEST_TARGET_NAME = TileGame;
			};
			name = Release;
		};
/* End XCBuildConfiguration section */

/* Begin XCConfigurationList section */
		11A5B14025A4FDD500C39DB3 /* Build configuration list for PBXProject "TileGame" */ = {
			isa = XCConfigurationList;
			buildConfigurations = (
				11A5B16E25A4FDD700C39DB3 /* Debug */,
				11A5B16F25A4FDD700C39DB3 /* Release */,
			);
			defaultConfigurationIsVisible = 0;
			defaultConfigurationName = Release;
		};
		11A5B17025A4FDD700C39DB3 /* Build configuration list for PBXNativeTarget "TileGame" */ = {
			isa = XCConfigurationList;
			buildConfigurations = (
				11A5B17125A4FDD700C39DB3 /* Debug */,
				11A5B17225A4FDD700C39DB3 /* Release */,
			);
			defaultConfigurationIsVisible = 0;
			defaultConfigurationName = Release;
		};
		11A5B17325A4FDD700C39DB3 /* Build configuration list for PBXNativeTarget "TileGameTests" */ = {
			isa = XCConfigurationList;
			buildConfigurations = (
				11A5B17425A4FDD700C39DB3 /* Debug */,
				11A5B17525A4FDD700C39DB3 /* Release */,
			);
			defaultConfigurationIsVisible = 0;
			defaultConfigurationName = Release;
		};
		11A5B17625A4FDD700C39DB3 /* Build configuration list for PBXNativeTarget "TileGameUITests" */ = {
			isa = XCConfigurationList;
			buildConfigurations = (
				11A5B17725A4FDD700C39DB3 /* Debug */,
				11A5B17825A4FDD700C39DB3 /* Release */,
			);
			defaultConfigurationIsVisible = 0;
			defaultConfigurationName = Release;
		};
/* End XCConfigurationList section */
	};
	rootObject = 11A5B13D25A4FDD500C39DB3 /* Project object */;
}
